
Microsoft Visual Studio Solution File, Format Version 12.00
# Visual Studio Version 16
VisualStudioVersion = 16.0.29324.140
MinimumVisualStudioVersion = 10.0.40219.1
Project("{9A19103F-16F7-4668-BE54-9A1E7A4F7556}") = "Playground.WinForms", "Playground.WinForms\Playground.WinForms.csproj", "{C24B83C7-D42B-4FD4-A14A-F4299E6D74BF}"
EndProject
Project("{9A19103F-16F7-4668-BE54-9A1E7A4F7556}") = "Playground.LiteNetLib", "Playground.LiteNetLib\Playground.LiteNetLib.csproj", "{07A678CF-5B12-4F98-A4B0-BD64B10D993D}"
EndProject
Project("{9A19103F-16F7-4668-BE54-9A1E7A4F7556}") = "Playground.Client.Console", "Playground.Client.Console\Playground.Client.Console.csproj", "{8E860785-F66A-49A0-AF6D-F3E5FF738560}"
EndProject
Project("{9A19103F-16F7-4668-BE54-9A1E7A4F7556}") = "Playground.Server.Console", "Playground.Server.Console\Playground.Server.Console.csproj", "{CB779334-DE85-40D2-ACF2-DE15FAFD00D8}"
EndProject
Project("{9A19103F-16F7-4668-BE54-9A1E7A4F7556}") = "Playground.Hazel", "Playground.Hazel\Playground.Hazel.csproj", "{0554900A-E3F7-4270-BC3F-6AE7376D9AD8}"
EndProject
Project("{FAE04EC0-301F-11D3-BF4B-00C04F79EFBC}") = "Playground.Client.WinForms", "Playground.Client.WinForms\Playground.Client.WinForms.csproj", "{4BE2EECF-FA9B-4909-984F-3090D267DE55}"
EndProject
Project("{FAE04EC0-301F-11D3-BF4B-00C04F79EFBC}") = "Playground.Server.WinForms", "Playground.Server.WinForms\Playground.Server.WinForms.csproj", "{6964A5E9-7EAA-46E2-9712-C12FE2CBECBB}"
EndProject
Project("{FAE04EC0-301F-11D3-BF4B-00C04F79EFBC}") = "Playground.Benchmark", "Playground.Benchmark\Playground.Benchmark.csproj", "{A6BE7AA9-8876-4F2C-8B02-13C6B6E2E056}"
EndProject
Project("{FAE04EC0-301F-11D3-BF4B-00C04F79EFBC}") = "Playground.BenchmarkNetFramework", "Playground.BenchmarkNetFramework\Playground.BenchmarkNetFramework.csproj", "{790DBABF-0296-47C8-BC08-9775AE1BAADC}"
EndProject
Project("{FAE04EC0-301F-11D3-BF4B-00C04F79EFBC}") = "Playground.Photon.BenchmarkNet", "Playground.Photon.BenchmarkNet\Playground.Photon.BenchmarkNet.csproj", "{5355F55E-8E96-499B-87C0-BD5A4885CCCF}"
EndProject
Global
	GlobalSection(SolutionConfigurationPlatforms) = preSolution
		Debug|Any CPU = Debug|Any CPU
		Release|Any CPU = Release|Any CPU
	EndGlobalSection
	GlobalSection(ProjectConfigurationPlatforms) = postSolution
		{C24B83C7-D42B-4FD4-A14A-F4299E6D74BF}.Debug|Any CPU.ActiveCfg = Debug|Any CPU
		{C24B83C7-D42B-4FD4-A14A-F4299E6D74BF}.Debug|Any CPU.Build.0 = Debug|Any CPU
		{C24B83C7-D42B-4FD4-A14A-F4299E6D74BF}.Release|Any CPU.ActiveCfg = Release|Any CPU
		{C24B83C7-D42B-4FD4-A14A-F4299E6D74BF}.Release|Any CPU.Build.0 = Release|Any CPU
		{07A678CF-5B12-4F98-A4B0-BD64B10D993D}.Debug|Any CPU.ActiveCfg = Debug|Any CPU
		{07A678CF-5B12-4F98-A4B0-BD64B10D993D}.Debug|Any CPU.Build.0 = Debug|Any CPU
		{07A678CF-5B12-4F98-A4B0-BD64B10D993D}.Release|Any CPU.ActiveCfg = Release|Any CPU
		{07A678CF-5B12-4F98-A4B0-BD64B10D993D}.Release|Any CPU.Build.0 = Release|Any CPU
		{8E860785-F66A-49A0-AF6D-F3E5FF738560}.Debug|Any CPU.ActiveCfg = Debug|Any CPU
		{8E860785-F66A-49A0-AF6D-F3E5FF738560}.Debug|Any CPU.Build.0 = Debug|Any CPU
		{8E860785-F66A-49A0-AF6D-F3E5FF738560}.Release|Any CPU.ActiveCfg = Release|Any CPU
		{8E860785-F66A-49A0-AF6D-F3E5FF738560}.Release|Any CPU.Build.0 = Release|Any CPU
		{CB779334-DE85-40D2-ACF2-DE15FAFD00D8}.Debug|Any CPU.ActiveCfg = Debug|Any CPU
		{CB779334-DE85-40D2-ACF2-DE15FAFD00D8}.Debug|Any CPU.Build.0 = Debug|Any CPU
		{CB779334-DE85-40D2-ACF2-DE15FAFD00D8}.Release|Any CPU.ActiveCfg = Release|Any CPU
		{CB779334-DE85-40D2-ACF2-DE15FAFD00D8}.Release|Any CPU.Build.0 = Release|Any CPU
		{0554900A-E3F7-4270-BC3F-6AE7376D9AD8}.Debug|Any CPU.ActiveCfg = Debug|Any CPU
		{0554900A-E3F7-4270-BC3F-6AE7376D9AD8}.Debug|Any CPU.Build.0 = Debug|Any CPU
		{0554900A-E3F7-4270-BC3F-6AE7376D9AD8}.Release|Any CPU.ActiveCfg = Release|Any CPU
		{0554900A-E3F7-4270-BC3F-6AE7376D9AD8}.Release|Any CPU.Build.0 = Release|Any CPU
		{4BE2EECF-FA9B-4909-984F-3090D267DE55}.Debug|Any CPU.ActiveCfg = Debug|Any CPU
		{4BE2EECF-FA9B-4909-984F-3090D267DE55}.Debug|Any CPU.Build.0 = Debug|Any CPU
		{4BE2EECF-FA9B-4909-984F-3090D267DE55}.Release|Any CPU.ActiveCfg = Release|Any CPU
		{4BE2EECF-FA9B-4909-984F-3090D267DE55}.Release|Any CPU.Build.0 = Release|Any CPU
		{6964A5E9-7EAA-46E2-9712-C12FE2CBECBB}.Debug|Any CPU.ActiveCfg = Debug|Any CPU
		{6964A5E9-7EAA-46E2-9712-C12FE2CBECBB}.Debug|Any CPU.Build.0 = Debug|Any CPU
		{6964A5E9-7EAA-46E2-9712-C12FE2CBECBB}.Release|Any CPU.ActiveCfg = Release|Any CPU
		{6964A5E9-7EAA-46E2-9712-C12FE2CBECBB}.Release|Any CPU.Build.0 = Release|Any CPU
		{A6BE7AA9-8876-4F2C-8B02-13C6B6E2E056}.Debug|Any CPU.ActiveCfg = Debug|Any CPU
		{A6BE7AA9-8876-4F2C-8B02-13C6B6E2E056}.Debug|Any CPU.Build.0 = Debug|Any CPU
		{A6BE7AA9-8876-4F2C-8B02-13C6B6E2E056}.Release|Any CPU.ActiveCfg = Release|Any CPU
		{A6BE7AA9-8876-4F2C-8B02-13C6B6E2E056}.Release|Any CPU.Build.0 = Release|Any CPU
		{790DBABF-0296-47C8-BC08-9775AE1BAADC}.Debug|Any CPU.ActiveCfg = Debug|Any CPU
		{790DBABF-0296-47C8-BC08-9775AE1BAADC}.Debug|Any CPU.Build.0 = Debug|Any CPU
		{790DBABF-0296-47C8-BC08-9775AE1BAADC}.Release|Any CPU.ActiveCfg = Release|Any CPU
		{790DBABF-0296-47C8-BC08-9775AE1BAADC}.Release|Any CPU.Build.0 = Release|Any CPU
		{5355F55E-8E96-499B-87C0-BD5A4885CCCF}.Debug|Any CPU.ActiveCfg = Debug|Any CPU
		{5355F55E-8E96-499B-87C0-BD5A4885CCCF}.Debug|Any CPU.Build.0 = Debug|Any CPU
		{5355F55E-8E96-499B-87C0-BD5A4885CCCF}.Release|Any CPU.ActiveCfg = Release|Any CPU
		{5355F55E-8E96-499B-87C0-BD5A4885CCCF}.Release|Any CPU.Build.0 = Release|Any CPU
	EndGlobalSection
	GlobalSection(SolutionProperties) = preSolution
		HideSolutionNode = FALSE
	EndGlobalSection
	GlobalSection(ExtensibilityGlobals) = postSolution
		SolutionGuid = {8B465E2B-9A23-4C42-9325-7447F2E62BC5}
	EndGlobalSection
EndGlobal
